
Microsoft Visual Studio Solution File, Format Version 12.00
# Visual Studio Version 17
VisualStudioVersion = 17.14.36429.23
MinimumVisualStudioVersion = 10.0.40219.1
Project("{FAE04EC0-301F-11D3-BF4B-00C04F79EFBC}") = "GFI_STP_Monitor", "GFI_STP_Monitor.csproj", "{B8F4E1D2-3C7A-4F9E-9B2D-1A5E6F8C9D3B}"
EndProject
Global
	GlobalSection(SolutionConfigurationPlatforms) = preSolution
		Debug|Any CPU = Debug|Any CPU
		Release|Any CPU = Release|Any CPU
	EndGlobalSection
	GlobalSection(ProjectConfigurationPlatforms) = postSolution
		{B8F4E1D2-3C7A-4F9E-9B2D-1A5E6F8C9D3B}.Debug|Any CPU.ActiveCfg = Debug|Any CPU
		{B8F4E1D2-3C7A-4F9E-9B2D-1A5E6F8C9D3B}.Debug|Any CPU.Build.0 = Debug|Any CPU
		{B8F4E1D2-3C7A-4F9E-9B2D-1A5E6F8C9D3B}.Release|Any CPU.ActiveCfg = Release|Any CPU
		{B8F4E1D2-3C7A-4F9E-9B2D-1A5E6F8C9D3B}.Release|Any CPU.Build.0 = Release|Any CPU
	EndGlobalSection
	GlobalSection(SolutionProperties) = preSolution
		HideSolutionNode = FALSE
	EndGlobalSection
	GlobalSection(ExtensibilityGlobals) = postSolution
		SolutionGuid = {F7A3B8E9-4D6C-5E1A-8F2B-9C3D4E5F6A7B}
	EndGlobalSection
EndGlobal
