Microsoft Visual Studio Solution File, Format Version 12.00
# Visual Studio Version 17
VisualStudioVersion = 17.14.36429.23
MinimumVisualStudioVersion = 10.0.40219.1
Project("{FAE04EC0-301F-11D3-BF4B-00C04F79EFBC}") = "FXOAiTranslator", "FXOAiTranslator.csproj", "{AC19BDC1-399D-40AE-81F4-12527B7B25D3}"
EndProject
Project("{FAE04EC0-301F-11D3-BF4B-00C04F79EFBC}") = "FXOptionsSimulator", "FXOptionsSimulator\FXOptionsSimulator.csproj", "{6A5A226B-0995-3A14-09D6-93A49FCC7A2F}"
EndProject
Project("{FAE04EC0-301F-11D3-BF4B-00C04F79EFBC}") = "FXOAiTranslate.WPF", "FXOAiTranslate.WPF\FXOAiTranslate.WPF.csproj", "{B8F3E2C1-7D94-4A2E-9B1C-F4E5D6A7B8C9}"
EndProject
Global
	GlobalSection(SolutionConfigurationPlatforms) = preSolution
		Debug|Any CPU = Debug|Any CPU
		Release|Any CPU = Release|Any CPU
	EndGlobalSection
	GlobalSection(ProjectConfigurationPlatforms) = postSolution
		{AC19BDC1-399D-40AE-81F4-12527B7B25D3}.Debug|Any CPU.ActiveCfg = Debug|Any CPU
		{AC19BDC1-399D-40AE-81F4-12527B7B25D3}.Debug|Any CPU.Build.0 = Debug|Any CPU
		{AC19BDC1-399D-40AE-81F4-12527B7B25D3}.Release|Any CPU.ActiveCfg = Release|Any CPU
		{AC19BDC1-399D-40AE-81F4-12527B7B25D3}.Release|Any CPU.Build.0 = Release|Any CPU
		{6A5A226B-0995-3A14-09D6-93A49FCC7A2F}.Debug|Any CPU.ActiveCfg = Debug|Any CPU
		{6A5A226B-0995-3A14-09D6-93A49FCC7A2F}.Debug|Any CPU.Build.0 = Debug|Any CPU
		{6A5A226B-0995-3A14-09D6-93A49FCC7A2F}.Release|Any CPU.ActiveCfg = Release|Any CPU
		{6A5A226B-0995-3A14-09D6-93A49FCC7A2F}.Release|Any CPU.Build.0 = Release|Any CPU
		{B8F3E2C1-7D94-4A2E-9B1C-F4E5D6A7B8C9}.Debug|Any CPU.ActiveCfg = Debug|Any CPU
		{B8F3E2C1-7D94-4A2E-9B1C-F4E5D6A7B8C9}.Debug|Any CPU.Build.0 = Debug|Any CPU
		{B8F3E2C1-7D94-4A2E-9B1C-F4E5D6A7B8C9}.Release|Any CPU.ActiveCfg = Release|Any CPU
		{B8F3E2C1-7D94-4A2E-9B1C-F4E5D6A7B8C9}.Release|Any CPU.Build.0 = Release|Any CPU
	EndGlobalSection
	GlobalSection(SolutionProperties) = preSolution
		HideSolutionNode = FALSE
	EndGlobalSection
	GlobalSection(ExtensibilityGlobals) = postSolution
		SolutionGuid = {40B7253C-520E-44A7-AEAD-3DFB111180BF}
	EndGlobalSection
EndGlobal
